
Microsoft Visual Studio Solution File, Format Version 12.00
# Visual Studio 15
VisualStudioVersion = 15.0.28010.2026
MinimumVisualStudioVersion = 10.0.40219.1
Project("{FAE04EC0-301F-11D3-BF4B-00C04F79EFBC}") = "While nome idade", "While nome idade\While nome idade.csproj", "{A8737BC3-08B3-4221-B0BA-AD7037F78A3E}"
EndProject
Global
	GlobalSection(SolutionConfigurationPlatforms) = preSolution
		Debug|Any CPU = Debug|Any CPU
		Release|Any CPU = Release|Any CPU
	EndGlobalSection
	GlobalSection(ProjectConfigurationPlatforms) = postSolution
		{A8737BC3-08B3-4221-B0BA-AD7037F78A3E}.Debug|Any CPU.ActiveCfg = Debug|Any CPU
		{A8737BC3-08B3-4221-B0BA-AD7037F78A3E}.Debug|Any CPU.Build.0 = Debug|Any CPU
		{A8737BC3-08B3-4221-B0BA-AD7037F78A3E}.Release|Any CPU.ActiveCfg = Release|Any CPU
		{A8737BC3-08B3-4221-B0BA-AD7037F78A3E}.Release|Any CPU.Build.0 = Release|Any CPU
	EndGlobalSection
	GlobalSection(SolutionProperties) = preSolution
		HideSolutionNode = FALSE
	EndGlobalSection
	GlobalSection(ExtensibilityGlobals) = postSolution
		SolutionGuid = {5F622489-0C1B-4EF7-86F1-41CAA93A94EB}
	EndGlobalSection
EndGlobal
