
Microsoft Visual Studio Solution File, Format Version 12.00
# Visual Studio 15
VisualStudioVersion = 15.0.28010.2026
MinimumVisualStudioVersion = 10.0.40219.1
Project("{FAE04EC0-301F-11D3-BF4B-00C04F79EFBC}") = "While com if", "While com if\While com if.csproj", "{20EB6C12-16DA-4A32-B132-D8CE92260985}"
EndProject
Global
	GlobalSection(SolutionConfigurationPlatforms) = preSolution
		Debug|Any CPU = Debug|Any CPU
		Release|Any CPU = Release|Any CPU
	EndGlobalSection
	GlobalSection(ProjectConfigurationPlatforms) = postSolution
		{20EB6C12-16DA-4A32-B132-D8CE92260985}.Debug|Any CPU.ActiveCfg = Debug|Any CPU
		{20EB6C12-16DA-4A32-B132-D8CE92260985}.Debug|Any CPU.Build.0 = Debug|Any CPU
		{20EB6C12-16DA-4A32-B132-D8CE92260985}.Release|Any CPU.ActiveCfg = Release|Any CPU
		{20EB6C12-16DA-4A32-B132-D8CE92260985}.Release|Any CPU.Build.0 = Release|Any CPU
	EndGlobalSection
	GlobalSection(SolutionProperties) = preSolution
		HideSolutionNode = FALSE
	EndGlobalSection
	GlobalSection(ExtensibilityGlobals) = postSolution
		SolutionGuid = {4A678D09-A850-4E9B-83E9-70CB68EED554}
	EndGlobalSection
EndGlobal
